
Microsoft Visual Studio Solution File, Format Version 12.00
# Visual Studio Version 17
VisualStudioVersion = 17.10.35027.167
MinimumVisualStudioVersion = 10.0.40219.1
Project("{FAE04EC0-301F-11D3-BF4B-00C04F79EFBC}") = "if-else & switch-case", "if-else & switch-case\if-else & switch-case.csproj", "{86444FA3-7F24-443B-8777-55808D077786}"
EndProject
Global
	GlobalSection(SolutionConfigurationPlatforms) = preSolution
		Debug|Any CPU = Debug|Any CPU
		Release|Any CPU = Release|Any CPU
	EndGlobalSection
	GlobalSection(ProjectConfigurationPlatforms) = postSolution
		{86444FA3-7F24-443B-8777-55808D077786}.Debug|Any CPU.ActiveCfg = Debug|Any CPU
		{86444FA3-7F24-443B-8777-55808D077786}.Debug|Any CPU.Build.0 = Debug|Any CPU
		{86444FA3-7F24-443B-8777-55808D077786}.Release|Any CPU.ActiveCfg = Release|Any CPU
		{86444FA3-7F24-443B-8777-55808D077786}.Release|Any CPU.Build.0 = Release|Any CPU
	EndGlobalSection
	GlobalSection(SolutionProperties) = preSolution
		HideSolutionNode = FALSE
	EndGlobalSection
	GlobalSection(ExtensibilityGlobals) = postSolution
		SolutionGuid = {79503D61-05A3-4A4E-A996-EDDF7731A57F}
	EndGlobalSection
EndGlobal
